
Microsoft Visual Studio Solution File, Format Version 12.00
# Visual Studio Version 17
VisualStudioVersion = 17.9.34728.123
MinimumVisualStudioVersion = 10.0.40219.1
Project("{FAE04EC0-301F-11D3-BF4B-00C04F79EFBC}") = "OOPLABA3", "OOP LABA3\OOPLABA3.csproj", "{2B0A7609-1203-41F7-B466-DD719B965344}"
EndProject
Global
	GlobalSection(SolutionConfigurationPlatforms) = preSolution
		Debug|Any CPU = Debug|Any CPU
		Release|Any CPU = Release|Any CPU
	EndGlobalSection
	GlobalSection(ProjectConfigurationPlatforms) = postSolution
		{2B0A7609-1203-41F7-B466-DD719B965344}.Debug|Any CPU.ActiveCfg = Debug|Any CPU
		{2B0A7609-1203-41F7-B466-DD719B965344}.Debug|Any CPU.Build.0 = Debug|Any CPU
		{2B0A7609-1203-41F7-B466-DD719B965344}.Release|Any CPU.ActiveCfg = Release|Any CPU
		{2B0A7609-1203-41F7-B466-DD719B965344}.Release|Any CPU.Build.0 = Release|Any CPU
	EndGlobalSection
	GlobalSection(SolutionProperties) = preSolution
		HideSolutionNode = FALSE
	EndGlobalSection
	GlobalSection(ExtensibilityGlobals) = postSolution
		SolutionGuid = {8AA78617-170A-4883-98B5-9DEBB2EABAD7}
	EndGlobalSection
EndGlobal
